
Microsoft Visual Studio Solution File, Format Version 12.00
# Visual Studio Version 16
VisualStudioVersion = 16.0.30503.244
MinimumVisualStudioVersion = 10.0.40219.1
Project("{FAE04EC0-301F-11D3-BF4B-00C04F79EFBC}") = "BlazorCRUD.UI", "BlazorCRUD.UI\BlazorCRUD.UI.csproj", "{05A0A1AA-4257-4807-A062-814470686064}"
EndProject
Project("{FAE04EC0-301F-11D3-BF4B-00C04F79EFBC}") = "BlazorCRUD.Model", "BlazorCRUD.Model\BlazorCRUD.Model.csproj", "{258B145D-D0F5-44C9-B1EE-F0B77273B843}"
EndProject
Project("{FAE04EC0-301F-11D3-BF4B-00C04F79EFBC}") = "BlazorCRUD.Data.Dapper", "BlazorCRUD.Data.Dapper\BlazorCRUD.Data.Dapper.csproj", "{C3FBDA67-EB78-448E-B25C-FB1D964C1481}"
EndProject
Global
	GlobalSection(SolutionConfigurationPlatforms) = preSolution
		Debug|Any CPU = Debug|Any CPU
		Release|Any CPU = Release|Any CPU
	EndGlobalSection
	GlobalSection(ProjectConfigurationPlatforms) = postSolution
		{05A0A1AA-4257-4807-A062-814470686064}.Debug|Any CPU.ActiveCfg = Debug|Any CPU
		{05A0A1AA-4257-4807-A062-814470686064}.Debug|Any CPU.Build.0 = Debug|Any CPU
		{05A0A1AA-4257-4807-A062-814470686064}.Release|Any CPU.ActiveCfg = Release|Any CPU
		{05A0A1AA-4257-4807-A062-814470686064}.Release|Any CPU.Build.0 = Release|Any CPU
		{258B145D-D0F5-44C9-B1EE-F0B77273B843}.Debug|Any CPU.ActiveCfg = Debug|Any CPU
		{258B145D-D0F5-44C9-B1EE-F0B77273B843}.Debug|Any CPU.Build.0 = Debug|Any CPU
		{258B145D-D0F5-44C9-B1EE-F0B77273B843}.Release|Any CPU.ActiveCfg = Release|Any CPU
		{258B145D-D0F5-44C9-B1EE-F0B77273B843}.Release|Any CPU.Build.0 = Release|Any CPU
		{C3FBDA67-EB78-448E-B25C-FB1D964C1481}.Debug|Any CPU.ActiveCfg = Debug|Any CPU
		{C3FBDA67-EB78-448E-B25C-FB1D964C1481}.Debug|Any CPU.Build.0 = Debug|Any CPU
		{C3FBDA67-EB78-448E-B25C-FB1D964C1481}.Release|Any CPU.ActiveCfg = Release|Any CPU
		{C3FBDA67-EB78-448E-B25C-FB1D964C1481}.Release|Any CPU.Build.0 = Release|Any CPU
	EndGlobalSection
	GlobalSection(SolutionProperties) = preSolution
		HideSolutionNode = FALSE
	EndGlobalSection
	GlobalSection(ExtensibilityGlobals) = postSolution
		SolutionGuid = {9C12ED24-33E7-4F0E-B89E-E0359DF2BA5E}
	EndGlobalSection
EndGlobal
